// !$*UTF8*$!
{
	archiveVersion = 1;
	classes = {
	};
	objectVersion = 56;
	objects = {

/* Begin PBXBuildFile section */
		B43C58F029AF460D00E6C5DB /* hackernewsApp.swift in Sources */ = {isa = PBXBuildFile; fileRef = B43C58EF29AF460D00E6C5DB /* hackernewsApp.swift */; };
		B43C58F229AF460D00E6C5DB /* ContentView.swift in Sources */ = {isa = PBXBuildFile; fileRef = B43C58F129AF460D00E6C5DB /* ContentView.swift */; };
		B43C58F429AF460F00E6C5DB /* Assets.xcassets in Resources */ = {isa = PBXBuildFile; fileRef = B43C58F329AF460F00E6C5DB /* Assets.xcassets */; };
		B43C58F729AF460F00E6C5DB /* Preview Assets.xcassets in Resources */ = {isa = PBXBuildFile; fileRef = B43C58F629AF460F00E6C5DB /* Preview Assets.xcassets */; };
		B43C58FF29AF576700E6C5DB /* NetworkManager.swift in Sources */ = {isa = PBXBuildFile; fileRef = B43C58FE29AF576700E6C5DB /* NetworkManager.swift */; };
		B43C590129AF586500E6C5DB /* PostData.swift in Sources */ = {isa = PBXBuildFile; fileRef = B43C590029AF586500E6C5DB /* PostData.swift */; };
		B43C590429AF5DD400E6C5DB /* DetailView.swift in Sources */ = {isa = PBXBuildFile; fileRef = B43C590329AF5DD400E6C5DB /* DetailView.swift */; };
		B43C590629AF614A00E6C5DB /* WebView.swift in Sources */ = {isa = PBXBuildFile; fileRef = B43C590529AF614A00E6C5DB /* WebView.swift */; };
/* End PBXBuildFile section */

/* Begin PBXFileReference section */
		B43C58EC29AF460D00E6C5DB /* hackernews.app */ = {isa = PBXFileReference; explicitFileType = wrapper.application; includeInIndex = 0; path = hackernews.app; sourceTree = BUILT_PRODUCTS_DIR; };
		B43C58EF29AF460D00E6C5DB /* hackernewsApp.swift */ = {isa = PBXFileReference; lastKnownFileType = sourcecode.swift; path = hackernewsApp.swift; sourceTree = "<group>"; };
		B43C58F129AF460D00E6C5DB /* ContentView.swift */ = {isa = PBXFileReference; lastKnownFileType = sourcecode.swift; path = ContentView.swift; sourceTree = "<group>"; };
		B43C58F329AF460F00E6C5DB /* Assets.xcassets */ = {isa = PBXFileReference; lastKnownFileType = folder.assetcatalog; path = Assets.xcassets; sourceTree = "<group>"; };
		B43C58F629AF460F00E6C5DB /* Preview Assets.xcassets */ = {isa = PBXFileReference; lastKnownFileType = folder.assetcatalog; path = "Preview Assets.xcassets"; sourceTree = "<group>"; };
		B43C58FE29AF576700E6C5DB /* NetworkManager.swift */ = {isa = PBXFileReference; lastKnownFileType = sourcecode.swift; path = NetworkManager.swift; sourceTree = "<group>"; };
		B43C590029AF586500E6C5DB /* PostData.swift */ = {isa = PBXFileReference; lastKnownFileType = sourcecode.swift; path = PostData.swift; sourceTree = "<group>"; };
		B43C590329AF5DD400E6C5DB /* DetailView.swift */ = {isa = PBXFileReference; lastKnownFileType = sourcecode.swift; path = DetailView.swift; sourceTree = "<group>"; };
		B43C590529AF614A00E6C5DB /* WebView.swift */ = {isa = PBXFileReference; lastKnownFileType = sourcecode.swift; path = WebView.swift; sourceTree = "<group>"; };
/* End PBXFileReference section */

/* Begin PBXFrameworksBuildPhase section */
		B43C58E929AF460D00E6C5DB /* Frameworks */ = {
			isa = PBXFrameworksBuildPhase;
			buildActionMask = 2147483647;
			files = (
			);
			runOnlyForDeploymentPostprocessing = 0;
		};
/* End PBXFrameworksBuildPhase section */

/* Begin PBXGroup section */
		B43C58E329AF460D00E6C5DB = {
			isa = PBXGroup;
			children = (
				B43C58EE29AF460D00E6C5DB /* hackernews */,
				B43C58ED29AF460D00E6C5DB /* Products */,
			);
			sourceTree = "<group>";
		};
		B43C58ED29AF460D00E6C5DB /* Products */ = {
			isa = PBXGroup;
			children = (
				B43C58EC29AF460D00E6C5DB /* hackernews.app */,
			);
			name = Products;
			sourceTree = "<group>";
		};
		B43C58EE29AF460D00E6C5DB /* hackernews */ = {
			isa = PBXGroup;
			children = (
				B43C58FD29AF575300E6C5DB /* Model */,
				B43C58EF29AF460D00E6C5DB /* hackernewsApp.swift */,
				B43C590229AF5DB200E6C5DB /* Views */,
				B43C58F329AF460F00E6C5DB /* Assets.xcassets */,
				B43C58F529AF460F00E6C5DB /* Preview Content */,
			);
			path = hackernews;
			sourceTree = "<group>";
		};
		B43C58F529AF460F00E6C5DB /* Preview Content */ = {
			isa = PBXGroup;
			children = (
				B43C58F629AF460F00E6C5DB /* Preview Assets.xcassets */,
			);
			path = "Preview Content";
			sourceTree = "<group>";
		};
		B43C58FD29AF575300E6C5DB /* Model */ = {
			isa = PBXGroup;
			children = (
				B43C58FE29AF576700E6C5DB /* NetworkManager.swift */,
				B43C590029AF586500E6C5DB /* PostData.swift */,
			);
			path = Model;
			sourceTree = "<group>";
		};
		B43C590229AF5DB200E6C5DB /* Views */ = {
			isa = PBXGroup;
			children = (
				B43C58F129AF460D00E6C5DB /* ContentView.swift */,
				B43C590329AF5DD400E6C5DB /* DetailView.swift */,
				B43C590529AF614A00E6C5DB /* WebView.swift */,
			);
			path = Views;
			sourceTree = "<group>";
		};
/* End PBXGroup section */

/* Begin PBXNativeTarget section */
		B43C58EB29AF460D00E6C5DB /* hackernews */ = {
			isa = PBXNativeTarget;
			buildConfigurationList = B43C58FA29AF460F00E6C5DB /* Build configuration list for PBXNativeTarget "hackernews" */;
			buildPhases = (
				B43C58E829AF460D00E6C5DB /* Sources */,
				B43C58E929AF460D00E6C5DB /* Frameworks */,
				B43C58EA29AF460D00E6C5DB /* Resources */,
			);
			buildRules = (
			);
			dependencies = (
			);
			name = hackernews;
			productName = hackernews;
			productReference = B43C58EC29AF460D00E6C5DB /* hackernews.app */;
			productType = "com.apple.product-type.application";
		};
/* End PBXNativeTarget section */

/* Begin PBXProject section */
		B43C58E429AF460D00E6C5DB /* Project object */ = {
			isa = PBXProject;
			attributes = {
				BuildIndependentTargetsInParallel = 1;
				LastSwiftUpdateCheck = 1420;
				LastUpgradeCheck = 1420;
				TargetAttributes = {
					B43C58EB29AF460D00E6C5DB = {
						CreatedOnToolsVersion = 14.2;
					};
				};
			};
			buildConfigurationList = B43C58E729AF460D00E6C5DB /* Build configuration list for PBXProject "hackernews" */;
			compatibilityVersion = "Xcode 14.0";
			developmentRegion = en;
			hasScannedForEncodings = 0;
			knownRegions = (
				en,
				Base,
			);
			mainGroup = B43C58E329AF460D00E6C5DB;
			productRefGroup = B43C58ED29AF460D00E6C5DB /* Products */;
			projectDirPath = "";
			projectRoot = "";
			targets = (
				B43C58EB29AF460D00E6C5DB /* hackernews */,
			);
		};
/* End PBXProject section */

/* Begin PBXResourcesBuildPhase section */
		B43C58EA29AF460D00E6C5DB /* Resources */ = {
			isa = PBXResourcesBuildPhase;
			buildActionMask = 2147483647;
			files = (
				B43C58F729AF460F00E6C5DB /* Preview Assets.xcassets in Resources */,
				B43C58F429AF460F00E6C5DB /* Assets.xcassets in Resources */,
			);
			runOnlyForDeploymentPostprocessing = 0;
		};
/* End PBXResourcesBuildPhase section */

/* Begin PBXSourcesBuildPhase section */
		B43C58E829AF460D00E6C5DB /* Sources */ = {
			isa = PBXSourcesBuildPhase;
			buildActionMask = 2147483647;
			files = (
				B43C58FF29AF576700E6C5DB /* NetworkManager.swift in Sources */,
				B43C590129AF586500E6C5DB /* PostData.swift in Sources */,
				B43C58F229AF460D00E6C5DB /* ContentView.swift in Sources */,
				B43C590629AF614A00E6C5DB /* WebView.swift in Sources */,
				B43C590429AF5DD400E6C5DB /* DetailView.swift in Sources */,
				B43C58F029AF460D00E6C5DB /* hackernewsApp.swift in Sources */,
			);
			runOnlyForDeploymentPostprocessing = 0;
		};
/* End PBXSourcesBuildPhase section */

/* Begin XCBuildConfiguration section */
		B43C58F829AF460F00E6C5DB /* Debug */ = {
			isa = XCBuildConfiguration;
			buildSettings = {
				ALWAYS_SEARCH_USER_PATHS = NO;
				CLANG_ANALYZER_NONNULL = YES;
				CLANG_ANALYZER_NUMBER_OBJECT_CONVERSION = YES_AGGRESSIVE;
				CLANG_CXX_LANGUAGE_STANDARD = "gnu++20";
				CLANG_ENABLE_MODULES = YES;
				CLANG_ENABLE_OBJC_ARC = YES;
				CLANG_ENABLE_OBJC_WEAK = YES;
				CLANG_WARN_BLOCK_CAPTURE_AUTORELEASING = YES;
				CLANG_WARN_BOOL_CONVERSION = YES;
				CLANG_WARN_COMMA = YES;
				CLANG_WARN_CONSTANT_CONVERSION = YES;
				CLANG_WARN_DEPRECATED_OBJC_IMPLEMENTATIONS = YES;
				CLANG_WARN_DIRECT_OBJC_ISA_USAGE = YES_ERROR;
				CLANG_WARN_DOCUMENTATION_COMMENTS = YES;
				CLANG_WARN_EMPTY_BODY = YES;
				CLANG_WARN_ENUM_CONVERSION = YES;
				CLANG_WARN_INFINITE_RECURSION = YES;
				CLANG_WARN_INT_CONVERSION = YES;
				CLANG_WARN_NON_LITERAL_NULL_CONVERSION = YES;
				CLANG_WARN_OBJC_IMPLICIT_RETAIN_SELF = YES;
				CLANG_WARN_OBJC_LITERAL_CONVERSION = YES;
				CLANG_WARN_OBJC_ROOT_CLASS = YES_ERROR;
				CLANG_WARN_QUOTED_INCLUDE_IN_FRAMEWORK_HEADER = YES;
				CLANG_WARN_RANGE_LOOP_ANALYSIS = YES;
				CLANG_WARN_STRICT_PROTOTYPES = YES;
				CLANG_WARN_SUSPICIOUS_MOVE = YES;
				CLANG_WARN_UNGUARDED_AVAILABILITY = YES_AGGRESSIVE;
				CLANG_WARN_UNREACHABLE_CODE = YES;
				CLANG_WARN__DUPLICATE_METHOD_MATCH = YES;
				COPY_PHASE_STRIP = NO;
				DEBUG_INFORMATION_FORMAT = dwarf;
				ENABLE_STRICT_OBJC_MSGSEND = YES;
				ENABLE_TESTABILITY = YES;
				GCC_C_LANGUAGE_STANDARD = gnu11;
				GCC_DYNAMIC_NO_PIC = NO;
				GCC_NO_COMMON_BLOCKS = YES;
				GCC_OPTIMIZATION_LEVEL = 0;
				GCC_PREPROCESSOR_DEFINITIONS = (
					"DEBUG=1",
					"$(inherited)",
				);
				GCC_WARN_64_TO_32_BIT_CONVERSION = YES;
				GCC_WARN_ABOUT_RETURN_TYPE = YES_ERROR;
				GCC_WARN_UNDECLARED_SELECTOR = YES;
				GCC_WARN_UNINITIALIZED_AUTOS = YES_AGGRESSIVE;
				GCC_WARN_UNUSED_FUNCTION = YES;
				GCC_WARN_UNUSED_VARIABLE = YES;
				IPHONEOS_DEPLOYMENT_TARGET = 16.2;
				MTL_ENABLE_DEBUG_INFO = INCLUDE_SOURCE;
				MTL_FAST_MATH = YES;
				ONLY_ACTIVE_ARCH = YES;
				SDKROOT = iphoneos;
				SWIFT_ACTIVE_COMPILATION_CONDITIONS = DEBUG;
				SWIFT_OPTIMIZATION_LEVEL = "-Onone";
			};
			name = Debug;
		};
		B43C58F929AF460F00E6C5DB /* Release */ = {
			isa = XCBuildConfiguration;
			buildSettings = {
				ALWAYS_SEARCH_USER_PATHS = NO;
				CLANG_ANALYZER_NONNULL = YES;
				CLANG_ANALYZER_NUMBER_OBJECT_CONVERSION = YES_AGGRESSIVE;
				CLANG_CXX_LANGUAGE_STANDARD = "gnu++20";
				CLANG_ENABLE_MODULES = YES;
				CLANG_ENABLE_OBJC_ARC = YES;
				CLANG_ENABLE_OBJC_WEAK = YES;
				CLANG_WARN_BLOCK_CAPTURE_AUTORELEASING = YES;
				CLANG_WARN_BOOL_CONVERSION = YES;
				CLANG_WARN_COMMA = YES;
				CLANG_WARN_CONSTANT_CONVERSION = YES;
				CLANG_WARN_DEPRECATED_OBJC_IMPLEMENTATIONS = YES;
				CLANG_WARN_DIRECT_OBJC_ISA_USAGE = YES_ERROR;
				CLANG_WARN_DOCUMENTATION_COMMENTS = YES;
				CLANG_WARN_EMPTY_BODY = YES;
				CLANG_WARN_ENUM_CONVERSION = YES;
				CLANG_WARN_INFINITE_RECURSION = YES;
				CLANG_WARN_INT_CONVERSION = YES;
				CLANG_WARN_NON_LITERAL_NULL_CONVERSION = YES;
				CLANG_WARN_OBJC_IMPLICIT_RETAIN_SELF = YES;
				CLANG_WARN_OBJC_LITERAL_CONVERSION = YES;
				CLANG_WARN_OBJC_ROOT_CLASS = YES_ERROR;
				CLANG_WARN_QUOTED_INCLUDE_IN_FRAMEWORK_HEADER = YES;
				CLANG_WARN_RANGE_LOOP_ANALYSIS = YES;
				CLANG_WARN_STRICT_PROTOTYPES = YES;
				CLANG_WARN_SUSPICIOUS_MOVE = YES;
				CLANG_WARN_UNGUARDED_AVAILABILITY = YES_AGGRESSIVE;
				CLANG_WARN_UNREACHABLE_CODE = YES;
				CLANG_WARN__DUPLICATE_METHOD_MATCH = YES;
				COPY_PHASE_STRIP = NO;
				DEBUG_INFORMATION_FORMAT = "dwarf-with-dsym";
				ENABLE_NS_ASSERTIONS = NO;
				ENABLE_STRICT_OBJC_MSGSEND = YES;
				GCC_C_LANGUAGE_STANDARD = gnu11;
				GCC_NO_COMMON_BLOCKS = YES;
				GCC_WARN_64_TO_32_BIT_CONVERSION = YES;
				GCC_WARN_ABOUT_RETURN_TYPE = YES_ERROR;
				GCC_WARN_UNDECLARED_SELECTOR = YES;
				GCC_WARN_UNINITIALIZED_AUTOS = YES_AGGRESSIVE;
				GCC_WARN_UNUSED_FUNCTION = YES;
				GCC_WARN_UNUSED_VARIABLE = YES;
				IPHONEOS_DEPLOYMENT_TARGET = 16.2;
				MTL_ENABLE_DEBUG_INFO = NO;
				MTL_FAST_MATH = YES;
				SDKROOT = iphoneos;
				SWIFT_COMPILATION_MODE = wholemodule;
				SWIFT_OPTIMIZATION_LEVEL = "-O";
				VALIDATE_PRODUCT = YES;
			};
			name = Release;
		};
		B43C58FB29AF460F00E6C5DB /* Debug */ = {
			isa = XCBuildConfiguration;
			buildSettings = {
				ASSETCATALOG_COMPILER_APPICON_NAME = AppIcon;
				ASSETCATALOG_COMPILER_GLOBAL_ACCENT_COLOR_NAME = AccentColor;
				CODE_SIGN_STYLE = Automatic;
				CURRENT_PROJECT_VERSION = 1;
				DEVELOPMENT_ASSET_PATHS = "\"hackernews/Preview Content\"";
				DEVELOPMENT_TEAM = V9AQP5X85P;
				ENABLE_PREVIEWS = YES;
				GENERATE_INFOPLIST_FILE = YES;
				INFOPLIST_KEY_UIApplicationSceneManifest_Generation = YES;
				INFOPLIST_KEY_UIApplicationSupportsIndirectInputEvents = YES;
				INFOPLIST_KEY_UILaunchScreen_Generation = YES;
				INFOPLIST_KEY_UIStatusBarStyle = "";
				INFOPLIST_KEY_UISupportedInterfaceOrientations_iPad = "UIInterfaceOrientationPortrait UIInterfaceOrientationPortraitUpsideDown UIInterfaceOrientationLandscapeLeft UIInterfaceOrientationLandscapeRight";
				INFOPLIST_KEY_UISupportedInterfaceOrientations_iPhone = "UIInterfaceOrientationPortrait UIInterfaceOrientationLandscapeLeft UIInterfaceOrientationLandscapeRight";
				IPHONEOS_DEPLOYMENT_TARGET = 16.0;
				LD_RUNPATH_SEARCH_PATHS = (
					"$(inherited)",
					"@executable_path/Frameworks",
				);
				MARKETING_VERSION = 1.0;
				PRODUCT_BUNDLE_IDENTIFIER = com.dinachka.hackernews;
				PRODUCT_NAME = "$(TARGET_NAME)";
				SWIFT_EMIT_LOC_STRINGS = YES;
				SWIFT_VERSION = 5.0;
				TARGETED_DEVICE_FAMILY = "1,2";
			};
			name = Debug;
		};
		B43C58FC29AF460F00E6C5DB /* Release */ = {
			isa = XCBuildConfiguration;
			buildSettings = {
				ASSETCATALOG_COMPILER_APPICON_NAME = AppIcon;
				ASSETCATALOG_COMPILER_GLOBAL_ACCENT_COLOR_NAME = AccentColor;
				CODE_SIGN_STYLE = Automatic;
				CURRENT_PROJECT_VERSION = 1;
				DEVELOPMENT_ASSET_PATHS = "\"hackernews/Preview Content\"";
				DEVELOPMENT_TEAM = V9AQP5X85P;
				ENABLE_PREVIEWS = YES;
				GENERATE_INFOPLIST_FILE = YES;
				INFOPLIST_KEY_UIApplicationSceneManifest_Generation = YES;
				INFOPLIST_KEY_UIApplicationSupportsIndirectInputEvents = YES;
				INFOPLIST_KEY_UILaunchScreen_Generation = YES;
				INFOPLIST_KEY_UIStatusBarStyle = "";
				INFOPLIST_KEY_UISupportedInterfaceOrientations_iPad = "UIInterfaceOrientationPortrait UIInterfaceOrientationPortraitUpsideDown UIInterfaceOrientationLandscapeLeft UIInterfaceOrientationLandscapeRight";
				INFOPLIST_KEY_UISupportedInterfaceOrientations_iPhone = "UIInterfaceOrientationPortrait UIInterfaceOrientationLandscapeLeft UIInterfaceOrientationLandscapeRight";
				IPHONEOS_DEPLOYMENT_TARGET = 16.0;
				LD_RUNPATH_SEARCH_PATHS = (
					"$(inherited)",
					"@executable_path/Frameworks",
				);
				MARKETING_VERSION = 1.0;
				PRODUCT_BUNDLE_IDENTIFIER = com.dinachka.hackernews;
				PRODUCT_NAME = "$(TARGET_NAME)";
				SWIFT_EMIT_LOC_STRINGS = YES;
				SWIFT_VERSION = 5.0;
				TARGETED_DEVICE_FAMILY = "1,2";
			};
			name = Release;
		};
/* End XCBuildConfiguration section */

/* Begin XCConfigurationList section */
		B43C58E729AF460D00E6C5DB /* Build configuration list for PBXProject "hackernews" */ = {
			isa = XCConfigurationList;
			buildConfigurations = (
				B43C58F829AF460F00E6C5DB /* Debug */,
				B43C58F929AF460F00E6C5DB /* Release */,
			);
			defaultConfigurationIsVisible = 0;
			defaultConfigurationName = Release;
		};
		B43C58FA29AF460F00E6C5DB /* Build configuration list for PBXNativeTarget "hackernews" */ = {
			isa = XCConfigurationList;
			buildConfigurations = (
				B43C58FB29AF460F00E6C5DB /* Debug */,
				B43C58FC29AF460F00E6C5DB /* Release */,
			);
			defaultConfigurationIsVisible = 0;
			defaultConfigurationName = Release;
		};
/* End XCConfigurationList section */
	};
	rootObject = B43C58E429AF460D00E6C5DB /* Project object */;
}
